// !$*UTF8*$!
{
	archiveVersion = 1;
	classes = {
	};
	objectVersion = 48;
	objects = {

/* Begin PBXBuildFile section */
		93AC0AEF2058043100FEEC86 /* AppDelegate.swift in Sources */ = {isa = PBXBuildFile; fileRef = 93AC0AEE2058043100FEEC86 /* AppDelegate.swift */; };
		93AC0AF12058043100FEEC86 /* MainViewController.swift in Sources */ = {isa = PBXBuildFile; fileRef = 93AC0AF02058043100FEEC86 /* MainViewController.swift */; };
		93AC0AF42058043100FEEC86 /* Main.storyboard in Resources */ = {isa = PBXBuildFile; fileRef = 93AC0AF22058043100FEEC86 /* Main.storyboard */; };
		93AC0AF62058043100FEEC86 /* Assets.xcassets in Resources */ = {isa = PBXBuildFile; fileRef = 93AC0AF52058043100FEEC86 /* Assets.xcassets */; };
		93AC0AF92058043100FEEC86 /* LaunchScreen.storyboard in Resources */ = {isa = PBXBuildFile; fileRef = 93AC0AF72058043100FEEC86 /* LaunchScreen.storyboard */; };
		93AC0B042058043100FEEC86 /* DataTests.swift in Sources */ = {isa = PBXBuildFile; fileRef = 93AC0B032058043100FEEC86 /* DataTests.swift */; };
		93AC0B142058051600FEEC86 /* Network.swift in Sources */ = {isa = PBXBuildFile; fileRef = 93AC0B132058051500FEEC86 /* Network.swift */; };
		93AC0B172058053100FEEC86 /* GooglePlacesApi.swift in Sources */ = {isa = PBXBuildFile; fileRef = 93AC0B162058053100FEEC86 /* GooglePlacesApi.swift */; };
		93AC0B192058076400FEEC86 /* Place.swift in Sources */ = {isa = PBXBuildFile; fileRef = 93AC0B182058076400FEEC86 /* Place.swift */; };
		93AC0B1B205807C200FEEC86 /* PlacesController.swift in Sources */ = {isa = PBXBuildFile; fileRef = 93AC0B1A205807C200FEEC86 /* PlacesController.swift */; };
		93AC0B1D205812BA00FEEC86 /* LocationManager.swift in Sources */ = {isa = PBXBuildFile; fileRef = 93AC0B1C205812BA00FEEC86 /* LocationManager.swift */; };
		93AC0B202058211C00FEEC86 /* MainViewSearchControlDelegate.swift in Sources */ = {isa = PBXBuildFile; fileRef = 93AC0B1F2058211C00FEEC86 /* MainViewSearchControlDelegate.swift */; };
		93AC0B23205823BC00FEEC86 /* PlaceViewCell.swift in Sources */ = {isa = PBXBuildFile; fileRef = 93AC0B22205823BC00FEEC86 /* PlaceViewCell.swift */; };
		93AC0B252058245500FEEC86 /* MainViewTableDelegate.swift in Sources */ = {isa = PBXBuildFile; fileRef = 93AC0B242058245500FEEC86 /* MainViewTableDelegate.swift */; };
		93AC0B272058289400FEEC86 /* UIImageExtensions.swift in Sources */ = {isa = PBXBuildFile; fileRef = 93AC0B262058289400FEEC86 /* UIImageExtensions.swift */; };
		93AC0B29205829E500FEEC86 /* MainViewMapDelegate.swift in Sources */ = {isa = PBXBuildFile; fileRef = 93AC0B28205829E500FEEC86 /* MainViewMapDelegate.swift */; };
		93AC0B2B20582D2500FEEC86 /* PlaceCustomAnnotation.swift in Sources */ = {isa = PBXBuildFile; fileRef = 93AC0B2A20582D2500FEEC86 /* PlaceCustomAnnotation.swift */; };
		93AC0B2D205852B300FEEC86 /* PersistentDataManager.swift in Sources */ = {isa = PBXBuildFile; fileRef = 93AC0B2C205852B300FEEC86 /* PersistentDataManager.swift */; };
		93AC0B2F2058637200FEEC86 /* PlaceDetailsViewController.swift in Sources */ = {isa = PBXBuildFile; fileRef = 93AC0B2E2058637200FEEC86 /* PlaceDetailsViewController.swift */; };
		93AC0B332058686700FEEC86 /* PlaceDetailsPickerDelegate.swift in Sources */ = {isa = PBXBuildFile; fileRef = 93AC0B322058686700FEEC86 /* PlaceDetailsPickerDelegate.swift */; };
		93AC0B352059159600FEEC86 /* NetworkTest.swift in Sources */ = {isa = PBXBuildFile; fileRef = 93AC0B342059159600FEEC86 /* NetworkTest.swift */; };
		93AC0B372059196E00FEEC86 /* Constant.swift in Sources */ = {isa = PBXBuildFile; fileRef = 93AC0B362059196E00FEEC86 /* Constant.swift */; };
		93AC0B3920591AC200FEEC86 /* APITest.swift in Sources */ = {isa = PBXBuildFile; fileRef = 93AC0B3820591AC200FEEC86 /* APITest.swift */; };
		93AC0B3B20592D2200FEEC86 /* PersistentDataTest.swift in Sources */ = {isa = PBXBuildFile; fileRef = 93AC0B3A20592D2200FEEC86 /* PersistentDataTest.swift */; };
/* End PBXBuildFile section */

/* Begin PBXContainerItemProxy section */
		93AC0B002058043100FEEC86 /* PBXContainerItemProxy */ = {
			isa = PBXContainerItemProxy;
			containerPortal = 93AC0AE32058043100FEEC86 /* Project object */;
			proxyType = 1;
			remoteGlobalIDString = 93AC0AEA2058043100FEEC86;
			remoteInfo = Buzzmove;
		};
/* End PBXContainerItemProxy section */

/* Begin PBXFileReference section */
		93AC0AEB2058043100FEEC86 /* Buzzmove.app */ = {isa = PBXFileReference; explicitFileType = wrapper.application; includeInIndex = 0; path = Buzzmove.app; sourceTree = BUILT_PRODUCTS_DIR; };
		93AC0AEE2058043100FEEC86 /* AppDelegate.swift */ = {isa = PBXFileReference; lastKnownFileType = sourcecode.swift; path = AppDelegate.swift; sourceTree = "<group>"; };
		93AC0AF02058043100FEEC86 /* MainViewController.swift */ = {isa = PBXFileReference; lastKnownFileType = sourcecode.swift; path = MainViewController.swift; sourceTree = "<group>"; };
		93AC0AF32058043100FEEC86 /* Base */ = {isa = PBXFileReference; lastKnownFileType = file.storyboard; name = Base; path = Base.lproj/Main.storyboard; sourceTree = "<group>"; };
		93AC0AF52058043100FEEC86 /* Assets.xcassets */ = {isa = PBXFileReference; lastKnownFileType = folder.assetcatalog; path = Assets.xcassets; sourceTree = "<group>"; };
		93AC0AF82058043100FEEC86 /* Base */ = {isa = PBXFileReference; lastKnownFileType = file.storyboard; name = Base; path = Base.lproj/LaunchScreen.storyboard; sourceTree = "<group>"; };
		93AC0AFA2058043100FEEC86 /* Info.plist */ = {isa = PBXFileReference; lastKnownFileType = text.plist.xml; path = Info.plist; sourceTree = "<group>"; };
		93AC0AFF2058043100FEEC86 /* BuzzmoveTests.xctest */ = {isa = PBXFileReference; explicitFileType = wrapper.cfbundle; includeInIndex = 0; path = BuzzmoveTests.xctest; sourceTree = BUILT_PRODUCTS_DIR; };
		93AC0B032058043100FEEC86 /* DataTests.swift */ = {isa = PBXFileReference; lastKnownFileType = sourcecode.swift; path = DataTests.swift; sourceTree = "<group>"; };
		93AC0B052058043200FEEC86 /* Info.plist */ = {isa = PBXFileReference; lastKnownFileType = text.plist.xml; path = Info.plist; sourceTree = "<group>"; };
		93AC0B132058051500FEEC86 /* Network.swift */ = {isa = PBXFileReference; fileEncoding = 4; lastKnownFileType = sourcecode.swift; path = Network.swift; sourceTree = "<group>"; };
		93AC0B162058053100FEEC86 /* GooglePlacesApi.swift */ = {isa = PBXFileReference; fileEncoding = 4; lastKnownFileType = sourcecode.swift; path = GooglePlacesApi.swift; sourceTree = "<group>"; };
		93AC0B182058076400FEEC86 /* Place.swift */ = {isa = PBXFileReference; lastKnownFileType = sourcecode.swift; path = Place.swift; sourceTree = "<group>"; };
		93AC0B1A205807C200FEEC86 /* PlacesController.swift */ = {isa = PBXFileReference; lastKnownFileType = sourcecode.swift; path = PlacesController.swift; sourceTree = "<group>"; };
		93AC0B1C205812BA00FEEC86 /* LocationManager.swift */ = {isa = PBXFileReference; lastKnownFileType = sourcecode.swift; path = LocationManager.swift; sourceTree = "<group>"; };
		93AC0B1F2058211C00FEEC86 /* MainViewSearchControlDelegate.swift */ = {isa = PBXFileReference; lastKnownFileType = sourcecode.swift; path = MainViewSearchControlDelegate.swift; sourceTree = "<group>"; };
		93AC0B22205823BC00FEEC86 /* PlaceViewCell.swift */ = {isa = PBXFileReference; lastKnownFileType = sourcecode.swift; path = PlaceViewCell.swift; sourceTree = "<group>"; };
		93AC0B242058245500FEEC86 /* MainViewTableDelegate.swift */ = {isa = PBXFileReference; lastKnownFileType = sourcecode.swift; path = MainViewTableDelegate.swift; sourceTree = "<group>"; };
		93AC0B262058289400FEEC86 /* UIImageExtensions.swift */ = {isa = PBXFileReference; lastKnownFileType = sourcecode.swift; path = UIImageExtensions.swift; sourceTree = "<group>"; };
		93AC0B28205829E500FEEC86 /* MainViewMapDelegate.swift */ = {isa = PBXFileReference; lastKnownFileType = sourcecode.swift; path = MainViewMapDelegate.swift; sourceTree = "<group>"; };
		93AC0B2A20582D2500FEEC86 /* PlaceCustomAnnotation.swift */ = {isa = PBXFileReference; lastKnownFileType = sourcecode.swift; path = PlaceCustomAnnotation.swift; sourceTree = "<group>"; };
		93AC0B2C205852B300FEEC86 /* PersistentDataManager.swift */ = {isa = PBXFileReference; lastKnownFileType = sourcecode.swift; path = PersistentDataManager.swift; sourceTree = "<group>"; };
		93AC0B2E2058637200FEEC86 /* PlaceDetailsViewController.swift */ = {isa = PBXFileReference; lastKnownFileType = sourcecode.swift; path = PlaceDetailsViewController.swift; sourceTree = "<group>"; };
		93AC0B322058686700FEEC86 /* PlaceDetailsPickerDelegate.swift */ = {isa = PBXFileReference; lastKnownFileType = sourcecode.swift; path = PlaceDetailsPickerDelegate.swift; sourceTree = "<group>"; };
		93AC0B342059159600FEEC86 /* NetworkTest.swift */ = {isa = PBXFileReference; lastKnownFileType = sourcecode.swift; path = NetworkTest.swift; sourceTree = "<group>"; };
		93AC0B362059196E00FEEC86 /* Constant.swift */ = {isa = PBXFileReference; lastKnownFileType = sourcecode.swift; path = Constant.swift; sourceTree = "<group>"; };
		93AC0B3820591AC200FEEC86 /* APITest.swift */ = {isa = PBXFileReference; lastKnownFileType = sourcecode.swift; path = APITest.swift; sourceTree = "<group>"; };
		93AC0B3A20592D2200FEEC86 /* PersistentDataTest.swift */ = {isa = PBXFileReference; lastKnownFileType = sourcecode.swift; path = PersistentDataTest.swift; sourceTree = "<group>"; };
/* End PBXFileReference section */

/* Begin PBXFrameworksBuildPhase section */
		93AC0AE82058043100FEEC86 /* Frameworks */ = {
			isa = PBXFrameworksBuildPhase;
			buildActionMask = 2147483647;
			files = (
			);
			runOnlyForDeploymentPostprocessing = 0;
		};
		93AC0AFC2058043100FEEC86 /* Frameworks */ = {
			isa = PBXFrameworksBuildPhase;
			buildActionMask = 2147483647;
			files = (
			);
			runOnlyForDeploymentPostprocessing = 0;
		};
/* End PBXFrameworksBuildPhase section */

/* Begin PBXGroup section */
		93AC0AE22058043100FEEC86 = {
			isa = PBXGroup;
			children = (
				93AC0AED2058043100FEEC86 /* Buzzmove */,
				93AC0B022058043100FEEC86 /* BuzzmoveTests */,
				93AC0AEC2058043100FEEC86 /* Products */,
			);
			sourceTree = "<group>";
		};
		93AC0AEC2058043100FEEC86 /* Products */ = {
			isa = PBXGroup;
			children = (
				93AC0AEB2058043100FEEC86 /* Buzzmove.app */,
				93AC0AFF2058043100FEEC86 /* BuzzmoveTests.xctest */,
			);
			name = Products;
			sourceTree = "<group>";
		};
		93AC0AED2058043100FEEC86 /* Buzzmove */ = {
			isa = PBXGroup;
			children = (
				93AC0B152058051F00FEEC86 /* API */,
				93AC0B11205804B400FEEC86 /* Class */,
				93AC0B10205804AE00FEEC86 /* Controller */,
				93AC0B0F205804A800FEEC86 /* View */,
				93AC0B0E2058044500FEEC86 /* Model */,
				93AC0AF52058043100FEEC86 /* Assets.xcassets */,
				93AC0AFA2058043100FEEC86 /* Info.plist */,
			);
			path = Buzzmove;
			sourceTree = "<group>";
		};
		93AC0B022058043100FEEC86 /* BuzzmoveTests */ = {
			isa = PBXGroup;
			children = (
				93AC0B032058043100FEEC86 /* DataTests.swift */,
				93AC0B052058043200FEEC86 /* Info.plist */,
				93AC0B342059159600FEEC86 /* NetworkTest.swift */,
				93AC0B3820591AC200FEEC86 /* APITest.swift */,
				93AC0B3A20592D2200FEEC86 /* PersistentDataTest.swift */,
			);
			path = BuzzmoveTests;
			sourceTree = "<group>";
		};
		93AC0B0E2058044500FEEC86 /* Model */ = {
			isa = PBXGroup;
			children = (
				93AC0B182058076400FEEC86 /* Place.swift */,
			);
			name = Model;
			sourceTree = "<group>";
		};
		93AC0B0F205804A800FEEC86 /* View */ = {
			isa = PBXGroup;
			children = (
				93AC0B212058239700FEEC86 /* UI */,
				93AC0B1E205820D800FEEC86 /* ViewController */,
				93AC0B12205804C500FEEC86 /* Storyboards */,
				93AC0AF02058043100FEEC86 /* MainViewController.swift */,
				93AC0B2E2058637200FEEC86 /* PlaceDetailsViewController.swift */,
			);
			path = View;
			sourceTree = "<group>";
		};
		93AC0B10205804AE00FEEC86 /* Controller */ = {
			isa = PBXGroup;
			children = (
				93AC0B1A205807C200FEEC86 /* PlacesController.swift */,
			);
			name = Controller;
			sourceTree = "<group>";
		};
		93AC0B11205804B400FEEC86 /* Class */ = {
			isa = PBXGroup;
			children = (
				93AC0AEE2058043100FEEC86 /* AppDelegate.swift */,
				93AC0B1C205812BA00FEEC86 /* LocationManager.swift */,
				93AC0B2C205852B300FEEC86 /* PersistentDataManager.swift */,
			);
			path = Class;
			sourceTree = "<group>";
		};
		93AC0B12205804C500FEEC86 /* Storyboards */ = {
			isa = PBXGroup;
			children = (
				93AC0AF72058043100FEEC86 /* LaunchScreen.storyboard */,
				93AC0AF22058043100FEEC86 /* Main.storyboard */,
			);
			path = Storyboards;
			sourceTree = "<group>";
		};
		93AC0B152058051F00FEEC86 /* API */ = {
			isa = PBXGroup;
			children = (
				93AC0B162058053100FEEC86 /* GooglePlacesApi.swift */,
				93AC0B132058051500FEEC86 /* Network.swift */,
				93AC0B362059196E00FEEC86 /* Constant.swift */,
			);
			name = API;
			sourceTree = "<group>";
		};
		93AC0B1E205820D800FEEC86 /* ViewController */ = {
			isa = PBXGroup;
			children = (
				93AC0B312058683A00FEEC86 /* PlaceDetailsViewDelegates */,
				93AC0B302058681600FEEC86 /* MainViewDelegates */,
			);
			name = ViewController;
			sourceTree = "<group>";
		};
		93AC0B212058239700FEEC86 /* UI */ = {
			isa = PBXGroup;
			children = (
				93AC0B22205823BC00FEEC86 /* PlaceViewCell.swift */,
				93AC0B262058289400FEEC86 /* UIImageExtensions.swift */,
				93AC0B2A20582D2500FEEC86 /* PlaceCustomAnnotation.swift */,
			);
			path = UI;
			sourceTree = "<group>";
		};
		93AC0B302058681600FEEC86 /* MainViewDelegates */ = {
			isa = PBXGroup;
			children = (
				93AC0B1F2058211C00FEEC86 /* MainViewSearchControlDelegate.swift */,
				93AC0B242058245500FEEC86 /* MainViewTableDelegate.swift */,
				93AC0B28205829E500FEEC86 /* MainViewMapDelegate.swift */,
			);
			name = MainViewDelegates;
			sourceTree = "<group>";
		};
		93AC0B312058683A00FEEC86 /* PlaceDetailsViewDelegates */ = {
			isa = PBXGroup;
			children = (
				93AC0B322058686700FEEC86 /* PlaceDetailsPickerDelegate.swift */,
			);
			path = PlaceDetailsViewDelegates;
			sourceTree = "<group>";
		};
/* End PBXGroup section */

/* Begin PBXNativeTarget section */
		93AC0AEA2058043100FEEC86 /* Buzzmove */ = {
			isa = PBXNativeTarget;
			buildConfigurationList = 93AC0B082058043200FEEC86 /* Build configuration list for PBXNativeTarget "Buzzmove" */;
			buildPhases = (
				93AC0AE72058043100FEEC86 /* Sources */,
				93AC0AE82058043100FEEC86 /* Frameworks */,
				93AC0AE92058043100FEEC86 /* Resources */,
			);
			buildRules = (
			);
			dependencies = (
			);
			name = Buzzmove;
			productName = Buzzmove;
			productReference = 93AC0AEB2058043100FEEC86 /* Buzzmove.app */;
			productType = "com.apple.product-type.application";
		};
		93AC0AFE2058043100FEEC86 /* BuzzmoveTests */ = {
			isa = PBXNativeTarget;
			buildConfigurationList = 93AC0B0B2058043200FEEC86 /* Build configuration list for PBXNativeTarget "BuzzmoveTests" */;
			buildPhases = (
				93AC0AFB2058043100FEEC86 /* Sources */,
				93AC0AFC2058043100FEEC86 /* Frameworks */,
				93AC0AFD2058043100FEEC86 /* Resources */,
			);
			buildRules = (
			);
			dependencies = (
				93AC0B012058043100FEEC86 /* PBXTargetDependency */,
			);
			name = BuzzmoveTests;
			productName = BuzzmoveTests;
			productReference = 93AC0AFF2058043100FEEC86 /* BuzzmoveTests.xctest */;
			productType = "com.apple.product-type.bundle.unit-test";
		};
/* End PBXNativeTarget section */

/* Begin PBXProject section */
		93AC0AE32058043100FEEC86 /* Project object */ = {
			isa = PBXProject;
			attributes = {
				LastSwiftUpdateCheck = 0920;
				LastUpgradeCheck = 0920;
				ORGANIZATIONNAME = "Riccardo Rizzo";
				TargetAttributes = {
					93AC0AEA2058043100FEEC86 = {
						CreatedOnToolsVersion = 9.2;
						ProvisioningStyle = Automatic;
					};
					93AC0AFE2058043100FEEC86 = {
						CreatedOnToolsVersion = 9.2;
						ProvisioningStyle = Automatic;
						TestTargetID = 93AC0AEA2058043100FEEC86;
					};
				};
			};
			buildConfigurationList = 93AC0AE62058043100FEEC86 /* Build configuration list for PBXProject "Buzzmove" */;
			compatibilityVersion = "Xcode 8.0";
			developmentRegion = en;
			hasScannedForEncodings = 0;
			knownRegions = (
				en,
				Base,
			);
			mainGroup = 93AC0AE22058043100FEEC86;
			productRefGroup = 93AC0AEC2058043100FEEC86 /* Products */;
			projectDirPath = "";
			projectRoot = "";
			targets = (
				93AC0AEA2058043100FEEC86 /* Buzzmove */,
				93AC0AFE2058043100FEEC86 /* BuzzmoveTests */,
			);
		};
/* End PBXProject section */

/* Begin PBXResourcesBuildPhase section */
		93AC0AE92058043100FEEC86 /* Resources */ = {
			isa = PBXResourcesBuildPhase;
			buildActionMask = 2147483647;
			files = (
				93AC0AF92058043100FEEC86 /* LaunchScreen.storyboard in Resources */,
				93AC0AF62058043100FEEC86 /* Assets.xcassets in Resources */,
				93AC0AF42058043100FEEC86 /* Main.storyboard in Resources */,
			);
			runOnlyForDeploymentPostprocessing = 0;
		};
		93AC0AFD2058043100FEEC86 /* Resources */ = {
			isa = PBXResourcesBuildPhase;
			buildActionMask = 2147483647;
			files = (
			);
			runOnlyForDeploymentPostprocessing = 0;
		};
/* End PBXResourcesBuildPhase section */

/* Begin PBXSourcesBuildPhase section */
		93AC0AE72058043100FEEC86 /* Sources */ = {
			isa = PBXSourcesBuildPhase;
			buildActionMask = 2147483647;
			files = (
				93AC0B23205823BC00FEEC86 /* PlaceViewCell.swift in Sources */,
				93AC0B372059196E00FEEC86 /* Constant.swift in Sources */,
				93AC0B272058289400FEEC86 /* UIImageExtensions.swift in Sources */,
				93AC0B252058245500FEEC86 /* MainViewTableDelegate.swift in Sources */,
				93AC0B202058211C00FEEC86 /* MainViewSearchControlDelegate.swift in Sources */,
				93AC0AF12058043100FEEC86 /* MainViewController.swift in Sources */,
				93AC0AEF2058043100FEEC86 /* AppDelegate.swift in Sources */,
				93AC0B2F2058637200FEEC86 /* PlaceDetailsViewController.swift in Sources */,
				93AC0B142058051600FEEC86 /* Network.swift in Sources */,
				93AC0B332058686700FEEC86 /* PlaceDetailsPickerDelegate.swift in Sources */,
				93AC0B1D205812BA00FEEC86 /* LocationManager.swift in Sources */,
				93AC0B172058053100FEEC86 /* GooglePlacesApi.swift in Sources */,
				93AC0B29205829E500FEEC86 /* MainViewMapDelegate.swift in Sources */,
				93AC0B2D205852B300FEEC86 /* PersistentDataManager.swift in Sources */,
				93AC0B192058076400FEEC86 /* Place.swift in Sources */,
				93AC0B2B20582D2500FEEC86 /* PlaceCustomAnnotation.swift in Sources */,
				93AC0B1B205807C200FEEC86 /* PlacesController.swift in Sources */,
			);
			runOnlyForDeploymentPostprocessing = 0;
		};
		93AC0AFB2058043100FEEC86 /* Sources */ = {
			isa = PBXSourcesBuildPhase;
			buildActionMask = 2147483647;
			files = (
				93AC0B352059159600FEEC86 /* NetworkTest.swift in Sources */,
				93AC0B042058043100FEEC86 /* DataTests.swift in Sources */,
				93AC0B3B20592D2200FEEC86 /* PersistentDataTest.swift in Sources */,
				93AC0B3920591AC200FEEC86 /* APITest.swift in Sources */,
			);
			runOnlyForDeploymentPostprocessing = 0;
		};
/* End PBXSourcesBuildPhase section */

/* Begin PBXTargetDependency section */
		93AC0B012058043100FEEC86 /* PBXTargetDependency */ = {
			isa = PBXTargetDependency;
			target = 93AC0AEA2058043100FEEC86 /* Buzzmove */;
			targetProxy = 93AC0B002058043100FEEC86 /* PBXContainerItemProxy */;
		};
/* End PBXTargetDependency section */

/* Begin PBXVariantGroup section */
		93AC0AF22058043100FEEC86 /* Main.storyboard */ = {
			isa = PBXVariantGroup;
			children = (
				93AC0AF32058043100FEEC86 /* Base */,
			);
			name = Main.storyboard;
			sourceTree = "<group>";
		};
		93AC0AF72058043100FEEC86 /* LaunchScreen.storyboard */ = {
			isa = PBXVariantGroup;
			children = (
				93AC0AF82058043100FEEC86 /* Base */,
			);
			name = LaunchScreen.storyboard;
			sourceTree = "<group>";
		};
/* End PBXVariantGroup section */

/* Begin XCBuildConfiguration section */
		93AC0B062058043200FEEC86 /* Debug */ = {
			isa = XCBuildConfiguration;
			buildSettings = {
				ALWAYS_SEARCH_USER_PATHS = NO;
				CLANG_ANALYZER_NONNULL = YES;
				CLANG_ANALYZER_NUMBER_OBJECT_CONVERSION = YES_AGGRESSIVE;
				CLANG_CXX_LANGUAGE_STANDARD = "gnu++14";
				CLANG_CXX_LIBRARY = "libc++";
				CLANG_ENABLE_MODULES = YES;
				CLANG_ENABLE_OBJC_ARC = YES;
				CLANG_WARN_BLOCK_CAPTURE_AUTORELEASING = YES;
				CLANG_WARN_BOOL_CONVERSION = YES;
				CLANG_WARN_COMMA = YES;
				CLANG_WARN_CONSTANT_CONVERSION = YES;
				CLANG_WARN_DIRECT_OBJC_ISA_USAGE = YES_ERROR;
				CLANG_WARN_DOCUMENTATION_COMMENTS = YES;
				CLANG_WARN_EMPTY_BODY = YES;
				CLANG_WARN_ENUM_CONVERSION = YES;
				CLANG_WARN_INFINITE_RECURSION = YES;
				CLANG_WARN_INT_CONVERSION = YES;
				CLANG_WARN_NON_LITERAL_NULL_CONVERSION = YES;
				CLANG_WARN_OBJC_LITERAL_CONVERSION = YES;
				CLANG_WARN_OBJC_ROOT_CLASS = YES_ERROR;
				CLANG_WARN_RANGE_LOOP_ANALYSIS = YES;
				CLANG_WARN_STRICT_PROTOTYPES = YES;
				CLANG_WARN_SUSPICIOUS_MOVE = YES;
				CLANG_WARN_UNGUARDED_AVAILABILITY = YES_AGGRESSIVE;
				CLANG_WARN_UNREACHABLE_CODE = YES;
				CLANG_WARN__DUPLICATE_METHOD_MATCH = YES;
				CODE_SIGN_IDENTITY = "iPhone Developer";
				COPY_PHASE_STRIP = NO;
				DEBUG_INFORMATION_FORMAT = dwarf;
				ENABLE_STRICT_OBJC_MSGSEND = YES;
				ENABLE_TESTABILITY = YES;
				GCC_C_LANGUAGE_STANDARD = gnu11;
				GCC_DYNAMIC_NO_PIC = NO;
				GCC_NO_COMMON_BLOCKS = YES;
				GCC_OPTIMIZATION_LEVEL = 0;
				GCC_PREPROCESSOR_DEFINITIONS = (
					"DEBUG=1",
					"$(inherited)",
				);
				GCC_WARN_64_TO_32_BIT_CONVERSION = YES;
				GCC_WARN_ABOUT_RETURN_TYPE = YES_ERROR;
				GCC_WARN_UNDECLARED_SELECTOR = YES;
				GCC_WARN_UNINITIALIZED_AUTOS = YES_AGGRESSIVE;
				GCC_WARN_UNUSED_FUNCTION = YES;
				GCC_WARN_UNUSED_VARIABLE = YES;
				IPHONEOS_DEPLOYMENT_TARGET = 11.2;
				MTL_ENABLE_DEBUG_INFO = YES;
				ONLY_ACTIVE_ARCH = YES;
				SDKROOT = iphoneos;
				SWIFT_ACTIVE_COMPILATION_CONDITIONS = DEBUG;
				SWIFT_OPTIMIZATION_LEVEL = "-Onone";
			};
			name = Debug;
		};
		93AC0B072058043200FEEC86 /* Release */ = {
			isa = XCBuildConfiguration;
			buildSettings = {
				ALWAYS_SEARCH_USER_PATHS = NO;
				CLANG_ANALYZER_NONNULL = YES;
				CLANG_ANALYZER_NUMBER_OBJECT_CONVERSION = YES_AGGRESSIVE;
				CLANG_CXX_LANGUAGE_STANDARD = "gnu++14";
				CLANG_CXX_LIBRARY = "libc++";
				CLANG_ENABLE_MODULES = YES;
				CLANG_ENABLE_OBJC_ARC = YES;
				CLANG_WARN_BLOCK_CAPTURE_AUTORELEASING = YES;
				CLANG_WARN_BOOL_CONVERSION = YES;
				CLANG_WARN_COMMA = YES;
				CLANG_WARN_CONSTANT_CONVERSION = YES;
				CLANG_WARN_DIRECT_OBJC_ISA_USAGE = YES_ERROR;
				CLANG_WARN_DOCUMENTATION_COMMENTS = YES;
				CLANG_WARN_EMPTY_BODY = YES;
				CLANG_WARN_ENUM_CONVERSION = YES;
				CLANG_WARN_INFINITE_RECURSION = YES;
				CLANG_WARN_INT_CONVERSION = YES;
				CLANG_WARN_NON_LITERAL_NULL_CONVERSION = YES;
				CLANG_WARN_OBJC_LITERAL_CONVERSION = YES;
				CLANG_WARN_OBJC_ROOT_CLASS = YES_ERROR;
				CLANG_WARN_RANGE_LOOP_ANALYSIS = YES;
				CLANG_WARN_STRICT_PROTOTYPES = YES;
				CLANG_WARN_SUSPICIOUS_MOVE = YES;
				CLANG_WARN_UNGUARDED_AVAILABILITY = YES_AGGRESSIVE;
				CLANG_WARN_UNREACHABLE_CODE = YES;
				CLANG_WARN__DUPLICATE_METHOD_MATCH = YES;
				CODE_SIGN_IDENTITY = "iPhone Developer";
				COPY_PHASE_STRIP = NO;
				DEBUG_INFORMATION_FORMAT = "dwarf-with-dsym";
				ENABLE_NS_ASSERTIONS = NO;
				ENABLE_STRICT_OBJC_MSGSEND = YES;
				GCC_C_LANGUAGE_STANDARD = gnu11;
				GCC_NO_COMMON_BLOCKS = YES;
				GCC_WARN_64_TO_32_BIT_CONVERSION = YES;
				GCC_WARN_ABOUT_RETURN_TYPE = YES_ERROR;
				GCC_WARN_UNDECLARED_SELECTOR = YES;
				GCC_WARN_UNINITIALIZED_AUTOS = YES_AGGRESSIVE;
				GCC_WARN_UNUSED_FUNCTION = YES;
				GCC_WARN_UNUSED_VARIABLE = YES;
				IPHONEOS_DEPLOYMENT_TARGET = 11.2;
				MTL_ENABLE_DEBUG_INFO = NO;
				SDKROOT = iphoneos;
				SWIFT_OPTIMIZATION_LEVEL = "-Owholemodule";
				VALIDATE_PRODUCT = YES;
			};
			name = Release;
		};
		93AC0B092058043200FEEC86 /* Debug */ = {
			isa = XCBuildConfiguration;
			buildSettings = {
				ASSETCATALOG_COMPILER_APPICON_NAME = AppIcon;
				CODE_SIGN_STYLE = Automatic;
				DEVELOPMENT_TEAM = RKD82WWETR;
				INFOPLIST_FILE = Buzzmove/Info.plist;
				LD_RUNPATH_SEARCH_PATHS = "$(inherited) @executable_path/Frameworks";
				PRODUCT_BUNDLE_IDENTIFIER = com.riccardorizzo.Buzzmove;
				PRODUCT_NAME = "$(TARGET_NAME)";
				SWIFT_VERSION = 4.0;
				TARGETED_DEVICE_FAMILY = "1,2";
			};
			name = Debug;
		};
		93AC0B0A2058043200FEEC86 /* Release */ = {
			isa = XCBuildConfiguration;
			buildSettings = {
				ASSETCATALOG_COMPILER_APPICON_NAME = AppIcon;
				CODE_SIGN_STYLE = Automatic;
				DEVELOPMENT_TEAM = RKD82WWETR;
				INFOPLIST_FILE = Buzzmove/Info.plist;
				LD_RUNPATH_SEARCH_PATHS = "$(inherited) @executable_path/Frameworks";
				PRODUCT_BUNDLE_IDENTIFIER = com.riccardorizzo.Buzzmove;
				PRODUCT_NAME = "$(TARGET_NAME)";
				SWIFT_VERSION = 4.0;
				TARGETED_DEVICE_FAMILY = "1,2";
			};
			name = Release;
		};
		93AC0B0C2058043200FEEC86 /* Debug */ = {
			isa = XCBuildConfiguration;
			buildSettings = {
				ALWAYS_EMBED_SWIFT_STANDARD_LIBRARIES = YES;
				BUNDLE_LOADER = "$(TEST_HOST)";
				CODE_SIGN_STYLE = Automatic;
				DEVELOPMENT_TEAM = RKD82WWETR;
				INFOPLIST_FILE = BuzzmoveTests/Info.plist;
				LD_RUNPATH_SEARCH_PATHS = "$(inherited) @executable_path/Frameworks @loader_path/Frameworks";
				PRODUCT_BUNDLE_IDENTIFIER = com.riccardorizzo.BuzzmoveTests;
				PRODUCT_NAME = "$(TARGET_NAME)";
				SWIFT_VERSION = 4.0;
				TARGETED_DEVICE_FAMILY = "1,2";
				TEST_HOST = "$(BUILT_PRODUCTS_DIR)/Buzzmove.app/Buzzmove";
			};
			name = Debug;
		};
		93AC0B0D2058043200FEEC86 /* Release */ = {
			isa = XCBuildConfiguration;
			buildSettings = {
				ALWAYS_EMBED_SWIFT_STANDARD_LIBRARIES = YES;
				BUNDLE_LOADER = "$(TEST_HOST)";
				CODE_SIGN_STYLE = Automatic;
				DEVELOPMENT_TEAM = RKD82WWETR;
				INFOPLIST_FILE = BuzzmoveTests/Info.plist;
				LD_RUNPATH_SEARCH_PATHS = "$(inherited) @executable_path/Frameworks @loader_path/Frameworks";
				PRODUCT_BUNDLE_IDENTIFIER = com.riccardorizzo.BuzzmoveTests;
				PRODUCT_NAME = "$(TARGET_NAME)";
				SWIFT_VERSION = 4.0;
				TARGETED_DEVICE_FAMILY = "1,2";
				TEST_HOST = "$(BUILT_PRODUCTS_DIR)/Buzzmove.app/Buzzmove";
			};
			name = Release;
		};
/* End XCBuildConfiguration section */

/* Begin XCConfigurationList section */
		93AC0AE62058043100FEEC86 /* Build configuration list for PBXProject "Buzzmove" */ = {
			isa = XCConfigurationList;
			buildConfigurations = (
				93AC0B062058043200FEEC86 /* Debug */,
				93AC0B072058043200FEEC86 /* Release */,
			);
			defaultConfigurationIsVisible = 0;
			defaultConfigurationName = Release;
		};
		93AC0B082058043200FEEC86 /* Build configuration list for PBXNativeTarget "Buzzmove" */ = {
			isa = XCConfigurationList;
			buildConfigurations = (
				93AC0B092058043200FEEC86 /* Debug */,
				93AC0B0A2058043200FEEC86 /* Release */,
			);
			defaultConfigurationIsVisible = 0;
			defaultConfigurationName = Release;
		};
		93AC0B0B2058043200FEEC86 /* Build configuration list for PBXNativeTarget "BuzzmoveTests" */ = {
			isa = XCConfigurationList;
			buildConfigurations = (
				93AC0B0C2058043200FEEC86 /* Debug */,
				93AC0B0D2058043200FEEC86 /* Release */,
			);
			defaultConfigurationIsVisible = 0;
			defaultConfigurationName = Release;
		};
/* End XCConfigurationList section */
	};
	rootObject = 93AC0AE32058043100FEEC86 /* Project object */;
}
